
Microsoft Visual Studio Solution File, Format Version 11.00
# Visual Studio 2010
Project("{FAE04EC0-301F-11D3-BF4B-00C04F79EFBC}") = "Anim", "Assembly-CSharp-firstpass.csproj", "{CA15A154-8321-7BC8-8570-A660D932B3E3}"
EndProject
Project("{FAE04EC0-301F-11D3-BF4B-00C04F79EFBC}") = "Anim", "Assembly-CSharp-Editor-firstpass.csproj", "{1D15EC75-09B5-1EC8-C303-743E26A7E9DA}"
EndProject
Global
	GlobalSection(SolutionConfigurationPlatforms) = preSolution
		Debug|Any CPU = Debug|Any CPU
		Release|Any CPU = Release|Any CPU
	EndGlobalSection
	GlobalSection(ProjectConfigurationPlatforms) = postSolution
		{CA15A154-8321-7BC8-8570-A660D932B3E3}.Debug|Any CPU.ActiveCfg = Debug|Any CPU
		{CA15A154-8321-7BC8-8570-A660D932B3E3}.Debug|Any CPU.Build.0 = Debug|Any CPU
		{CA15A154-8321-7BC8-8570-A660D932B3E3}.Release|Any CPU.ActiveCfg = Release|Any CPU
		{CA15A154-8321-7BC8-8570-A660D932B3E3}.Release|Any CPU.Build.0 = Release|Any CPU
		{1D15EC75-09B5-1EC8-C303-743E26A7E9DA}.Debug|Any CPU.ActiveCfg = Debug|Any CPU
		{1D15EC75-09B5-1EC8-C303-743E26A7E9DA}.Debug|Any CPU.Build.0 = Debug|Any CPU
		{1D15EC75-09B5-1EC8-C303-743E26A7E9DA}.Release|Any CPU.ActiveCfg = Release|Any CPU
		{1D15EC75-09B5-1EC8-C303-743E26A7E9DA}.Release|Any CPU.Build.0 = Release|Any CPU
	EndGlobalSection
	GlobalSection(SolutionProperties) = preSolution
		HideSolutionNode = FALSE
	EndGlobalSection
	GlobalSection(MonoDevelopProperties) = preSolution
		StartupItem = Assembly-CSharp.csproj
	EndGlobalSection
EndGlobal
